
Microsoft Visual Studio Solution File, Format Version 12.00
# Visual Studio Version 16
VisualStudioVersion = 16.0.31025.194
MinimumVisualStudioVersion = 10.0.40219.1
Project("{FAE04EC0-301F-11D3-BF4B-00C04F79EFBC}") = "WebAppCICD", "WebAppCICD.csproj", "{75273C0A-8449-4008-B380-94A7435DB28D}"
EndProject
Global
	GlobalSection(SolutionConfigurationPlatforms) = preSolution
		Debug|Any CPU = Debug|Any CPU
		Release|Any CPU = Release|Any CPU
	EndGlobalSection
	GlobalSection(ProjectConfigurationPlatforms) = postSolution
		{75273C0A-8449-4008-B380-94A7435DB28D}.Debug|Any CPU.ActiveCfg = Debug|Any CPU
		{75273C0A-8449-4008-B380-94A7435DB28D}.Debug|Any CPU.Build.0 = Debug|Any CPU
		{75273C0A-8449-4008-B380-94A7435DB28D}.Release|Any CPU.ActiveCfg = Release|Any CPU
		{75273C0A-8449-4008-B380-94A7435DB28D}.Release|Any CPU.Build.0 = Release|Any CPU
	EndGlobalSection
	GlobalSection(SolutionProperties) = preSolution
		HideSolutionNode = FALSE
	EndGlobalSection
	GlobalSection(ExtensibilityGlobals) = postSolution
		SolutionGuid = {B4FF3790-D047-4322-8681-1338817116A6}
	EndGlobalSection
EndGlobal
